
Microsoft Visual Studio Solution File, Format Version 12.00
# Visual Studio Version 16
VisualStudioVersion = 16.0.31019.35
MinimumVisualStudioVersion = 10.0.40219.1
Project("{9A19103F-16F7-4668-BE54-9A1E7A4F7556}") = "Question1", "Question1\Question1.csproj", "{7A40A7C6-99C9-4C3B-A9E3-DBA39D1DCD72}"
EndProject
Project("{FAE04EC0-301F-11D3-BF4B-00C04F79EFBC}") = "Questionn2", "Questionn2\Questionn2.csproj", "{E90660E7-D0EF-4A2D-9445-9C105E8734C7}"
EndProject
Project("{FAE04EC0-301F-11D3-BF4B-00C04F79EFBC}") = "Question3", "homework3\Question3.csproj", "{AC8847E2-9E90-4FD4-829F-CFF09EE02C19}"
EndProject
Project("{FAE04EC0-301F-11D3-BF4B-00C04F79EFBC}") = "Question4", "Question4\Question4.csproj", "{278BC002-E381-4328-B0CF-A2A398D05F41}"
EndProject
Global
	GlobalSection(SolutionConfigurationPlatforms) = preSolution
		Debug|Any CPU = Debug|Any CPU
		Release|Any CPU = Release|Any CPU
	EndGlobalSection
	GlobalSection(ProjectConfigurationPlatforms) = postSolution
		{7A40A7C6-99C9-4C3B-A9E3-DBA39D1DCD72}.Debug|Any CPU.ActiveCfg = Debug|Any CPU
		{7A40A7C6-99C9-4C3B-A9E3-DBA39D1DCD72}.Debug|Any CPU.Build.0 = Debug|Any CPU
		{7A40A7C6-99C9-4C3B-A9E3-DBA39D1DCD72}.Release|Any CPU.ActiveCfg = Release|Any CPU
		{7A40A7C6-99C9-4C3B-A9E3-DBA39D1DCD72}.Release|Any CPU.Build.0 = Release|Any CPU
		{E90660E7-D0EF-4A2D-9445-9C105E8734C7}.Debug|Any CPU.ActiveCfg = Debug|Any CPU
		{E90660E7-D0EF-4A2D-9445-9C105E8734C7}.Debug|Any CPU.Build.0 = Debug|Any CPU
		{E90660E7-D0EF-4A2D-9445-9C105E8734C7}.Release|Any CPU.ActiveCfg = Release|Any CPU
		{E90660E7-D0EF-4A2D-9445-9C105E8734C7}.Release|Any CPU.Build.0 = Release|Any CPU
		{AC8847E2-9E90-4FD4-829F-CFF09EE02C19}.Debug|Any CPU.ActiveCfg = Debug|Any CPU
		{AC8847E2-9E90-4FD4-829F-CFF09EE02C19}.Debug|Any CPU.Build.0 = Debug|Any CPU
		{AC8847E2-9E90-4FD4-829F-CFF09EE02C19}.Release|Any CPU.ActiveCfg = Release|Any CPU
		{AC8847E2-9E90-4FD4-829F-CFF09EE02C19}.Release|Any CPU.Build.0 = Release|Any CPU
		{278BC002-E381-4328-B0CF-A2A398D05F41}.Debug|Any CPU.ActiveCfg = Debug|Any CPU
		{278BC002-E381-4328-B0CF-A2A398D05F41}.Debug|Any CPU.Build.0 = Debug|Any CPU
		{278BC002-E381-4328-B0CF-A2A398D05F41}.Release|Any CPU.ActiveCfg = Release|Any CPU
		{278BC002-E381-4328-B0CF-A2A398D05F41}.Release|Any CPU.Build.0 = Release|Any CPU
	EndGlobalSection
	GlobalSection(SolutionProperties) = preSolution
		HideSolutionNode = FALSE
	EndGlobalSection
	GlobalSection(ExtensibilityGlobals) = postSolution
		SolutionGuid = {CB86C0B0-2450-4CA2-9A28-107083469832}
	EndGlobalSection
EndGlobal
