
Microsoft Visual Studio Solution File, Format Version 12.00
# Visual Studio Version 16
VisualStudioVersion = 16.0.31112.23
MinimumVisualStudioVersion = 10.0.40219.1
Project("{FAE04EC0-301F-11D3-BF4B-00C04F79EFBC}") = "homework8", "..\..\..\source\repos\homeworo8\homework8\homework8.csproj", "{C5DE406B-127E-4F48-BD24-0330A755D29C}"
EndProject
Project("{FAE04EC0-301F-11D3-BF4B-00C04F79EFBC}") = "OrderWindow", "..\..\..\source\repos\homeworo8\OrderWindow\OrderWindow.csproj", "{C93C73DE-A19C-4779-B134-A53D8C8F0262}"
EndProject
Global
	GlobalSection(SolutionConfigurationPlatforms) = preSolution
		Debug|Any CPU = Debug|Any CPU
		Release|Any CPU = Release|Any CPU
	EndGlobalSection
	GlobalSection(ProjectConfigurationPlatforms) = postSolution
		{C5DE406B-127E-4F48-BD24-0330A755D29C}.Debug|Any CPU.ActiveCfg = Debug|Any CPU
		{C5DE406B-127E-4F48-BD24-0330A755D29C}.Debug|Any CPU.Build.0 = Debug|Any CPU
		{C5DE406B-127E-4F48-BD24-0330A755D29C}.Release|Any CPU.ActiveCfg = Release|Any CPU
		{C5DE406B-127E-4F48-BD24-0330A755D29C}.Release|Any CPU.Build.0 = Release|Any CPU
		{C93C73DE-A19C-4779-B134-A53D8C8F0262}.Debug|Any CPU.ActiveCfg = Debug|Any CPU
		{C93C73DE-A19C-4779-B134-A53D8C8F0262}.Debug|Any CPU.Build.0 = Debug|Any CPU
		{C93C73DE-A19C-4779-B134-A53D8C8F0262}.Release|Any CPU.ActiveCfg = Release|Any CPU
		{C93C73DE-A19C-4779-B134-A53D8C8F0262}.Release|Any CPU.Build.0 = Release|Any CPU
	EndGlobalSection
	GlobalSection(SolutionProperties) = preSolution
		HideSolutionNode = FALSE
	EndGlobalSection
	GlobalSection(ExtensibilityGlobals) = postSolution
		SolutionGuid = {C179B8F0-49BE-4B9A-B630-15F405A34C32}
	EndGlobalSection
EndGlobal
